
Microsoft Visual Studio Solution File, Format Version 12.00
# Visual Studio 14
VisualStudioVersion = 14.0.25123.0
MinimumVisualStudioVersion = 10.0.40219.1
Project("{E24C65DC-7377-472B-9ABA-BC803B73C61A}") = "EntidadBanco", ".", "{45911376-66FB-4E5F-81BD-BF713F2121B3}"
	ProjectSection(WebsiteProperties) = preProject
		TargetFrameworkMoniker = ".NETFramework,Version%3Dv3.5"
		Debug.AspNetCompiler.VirtualPath = "/localhost_20855"
		Debug.AspNetCompiler.PhysicalPath = "..\EntidadBanco\"
		Debug.AspNetCompiler.TargetPath = "PrecompiledWeb\localhost_20855\"
		Debug.AspNetCompiler.Updateable = "true"
		Debug.AspNetCompiler.ForceOverwrite = "true"
		Debug.AspNetCompiler.FixedNames = "false"
		Debug.AspNetCompiler.Debug = "True"
		Release.AspNetCompiler.VirtualPath = "/localhost_20855"
		Release.AspNetCompiler.PhysicalPath = "..\EntidadBanco\"
		Release.AspNetCompiler.TargetPath = "PrecompiledWeb\localhost_20855\"
		Release.AspNetCompiler.Updateable = "true"
		Release.AspNetCompiler.ForceOverwrite = "true"
		Release.AspNetCompiler.FixedNames = "false"
		Release.AspNetCompiler.Debug = "False"
		VWDPort = "20855"
		SlnRelativePath = "..\EntidadBanco\"
	EndProjectSection
EndProject
Global
	GlobalSection(SolutionConfigurationPlatforms) = preSolution
		Debug|Any CPU = Debug|Any CPU
	EndGlobalSection
	GlobalSection(ProjectConfigurationPlatforms) = postSolution
		{45911376-66FB-4E5F-81BD-BF713F2121B3}.Debug|Any CPU.ActiveCfg = Debug|Any CPU
		{45911376-66FB-4E5F-81BD-BF713F2121B3}.Debug|Any CPU.Build.0 = Debug|Any CPU
	EndGlobalSection
	GlobalSection(SolutionProperties) = preSolution
		HideSolutionNode = FALSE
	EndGlobalSection
EndGlobal
